
Microsoft Visual Studio Solution File, Format Version 12.00
# Visual Studio 15
VisualStudioVersion = 15.0.27130.2010
MinimumVisualStudioVersion = 10.0.40219.1
Project("{8BC9CEB8-8B4A-11D0-8D11-00A0C91BC942}") = "Příliš bílý displej", "Příliš bílý displej\Příliš bílý displej.vcxproj", "{CB6EBF71-53F4-4BC7-AD30-4052AE4AE681}"
EndProject
Global
	GlobalSection(SolutionConfigurationPlatforms) = preSolution
		Debug|x64 = Debug|x64
		Debug|x86 = Debug|x86
		Release|x64 = Release|x64
		Release|x86 = Release|x86
	EndGlobalSection
	GlobalSection(ProjectConfigurationPlatforms) = postSolution
		{CB6EBF71-53F4-4BC7-AD30-4052AE4AE681}.Debug|x64.ActiveCfg = Debug|x64
		{CB6EBF71-53F4-4BC7-AD30-4052AE4AE681}.Debug|x64.Build.0 = Debug|x64
		{CB6EBF71-53F4-4BC7-AD30-4052AE4AE681}.Debug|x86.ActiveCfg = Debug|Win32
		{CB6EBF71-53F4-4BC7-AD30-4052AE4AE681}.Debug|x86.Build.0 = Debug|Win32
		{CB6EBF71-53F4-4BC7-AD30-4052AE4AE681}.Release|x64.ActiveCfg = Release|x64
		{CB6EBF71-53F4-4BC7-AD30-4052AE4AE681}.Release|x64.Build.0 = Release|x64
		{CB6EBF71-53F4-4BC7-AD30-4052AE4AE681}.Release|x86.ActiveCfg = Release|Win32
		{CB6EBF71-53F4-4BC7-AD30-4052AE4AE681}.Release|x86.Build.0 = Release|Win32
	EndGlobalSection
	GlobalSection(SolutionProperties) = preSolution
		HideSolutionNode = FALSE
	EndGlobalSection
	GlobalSection(ExtensibilityGlobals) = postSolution
		SolutionGuid = {E1110B84-E6FF-4EE7-8368-72CA72A37222}
	EndGlobalSection
EndGlobal
